
Microsoft Visual Studio Solution File, Format Version 12.00
# Visual Studio Version 16
VisualStudioVersion = 16.0.30309.148
MinimumVisualStudioVersion = 10.0.40219.1
Project("{FAE04EC0-301F-11D3-BF4B-00C04F79EFBC}") = "test2", "test2\test2.csproj", "{B2C5FF83-94A3-4E0E-BC7D-6A32E31F9974}"
EndProject
Project("{FAE04EC0-301F-11D3-BF4B-00C04F79EFBC}") = "test4", "test4\test4.csproj", "{F597CCCF-AB83-4553-AB76-9B8E4F468B47}"
EndProject
Project("{2150E333-8FDC-42A3-9474-1A3956D46DE8}") = "test5", "test5", "{457D1DCB-7E61-4372-AD1E-A97365D2D4CC}"
EndProject
Project("{2150E333-8FDC-42A3-9474-1A3956D46DE8}") = "test6", "test6", "{D3654E69-73CE-482C-B043-E728523C1B79}"
EndProject
Project("{FAE04EC0-301F-11D3-BF4B-00C04F79EFBC}") = "test", "test5\test\test.csproj", "{D05FCCBE-0138-4BB7-921B-DEA4A31FEF6C}"
EndProject
Global
	GlobalSection(SolutionConfigurationPlatforms) = preSolution
		Debug|Any CPU = Debug|Any CPU
		Release|Any CPU = Release|Any CPU
	EndGlobalSection
	GlobalSection(ProjectConfigurationPlatforms) = postSolution
		{B2C5FF83-94A3-4E0E-BC7D-6A32E31F9974}.Debug|Any CPU.ActiveCfg = Debug|Any CPU
		{B2C5FF83-94A3-4E0E-BC7D-6A32E31F9974}.Debug|Any CPU.Build.0 = Debug|Any CPU
		{B2C5FF83-94A3-4E0E-BC7D-6A32E31F9974}.Release|Any CPU.ActiveCfg = Release|Any CPU
		{B2C5FF83-94A3-4E0E-BC7D-6A32E31F9974}.Release|Any CPU.Build.0 = Release|Any CPU
		{F597CCCF-AB83-4553-AB76-9B8E4F468B47}.Debug|Any CPU.ActiveCfg = Debug|Any CPU
		{F597CCCF-AB83-4553-AB76-9B8E4F468B47}.Debug|Any CPU.Build.0 = Debug|Any CPU
		{F597CCCF-AB83-4553-AB76-9B8E4F468B47}.Release|Any CPU.ActiveCfg = Release|Any CPU
		{F597CCCF-AB83-4553-AB76-9B8E4F468B47}.Release|Any CPU.Build.0 = Release|Any CPU
		{D05FCCBE-0138-4BB7-921B-DEA4A31FEF6C}.Debug|Any CPU.ActiveCfg = Debug|Any CPU
		{D05FCCBE-0138-4BB7-921B-DEA4A31FEF6C}.Debug|Any CPU.Build.0 = Debug|Any CPU
		{D05FCCBE-0138-4BB7-921B-DEA4A31FEF6C}.Release|Any CPU.ActiveCfg = Release|Any CPU
		{D05FCCBE-0138-4BB7-921B-DEA4A31FEF6C}.Release|Any CPU.Build.0 = Release|Any CPU
	EndGlobalSection
	GlobalSection(SolutionProperties) = preSolution
		HideSolutionNode = FALSE
	EndGlobalSection
	GlobalSection(NestedProjects) = preSolution
		{D3654E69-73CE-482C-B043-E728523C1B79} = {457D1DCB-7E61-4372-AD1E-A97365D2D4CC}
		{D05FCCBE-0138-4BB7-921B-DEA4A31FEF6C} = {D3654E69-73CE-482C-B043-E728523C1B79}
	EndGlobalSection
	GlobalSection(ExtensibilityGlobals) = postSolution
		SolutionGuid = {E5AA2C3C-D33F-46DB-A022-E124111B3C37}
	EndGlobalSection
EndGlobal
